
Microsoft Visual Studio Solution File, Format Version 11.00
# Visual Studio 2010
Project("{FAE04EC0-301F-11D3-BF4B-00C04F79EFBC}") = "Assembly-CSharp", "Assembly-CSharp.csproj", "{35926DF2-EEA3-3F6D-EADD-07A7CC8B8DCA}"
EndProject
Project("{FAE04EC0-301F-11D3-BF4B-00C04F79EFBC}") = "Assembly-CSharp-Editor-firstpass", "Assembly-CSharp-Editor-firstpass.csproj", "{15731925-98F1-4E02-1C19-1ADBAE93D207}"
EndProject
Global
	GlobalSection(SolutionConfigurationPlatforms) = preSolution
		Debug|Any CPU = Debug|Any CPU
		Release|Any CPU = Release|Any CPU
	EndGlobalSection
	GlobalSection(ProjectConfigurationPlatforms) = postSolution
		{35926DF2-EEA3-3F6D-EADD-07A7CC8B8DCA}.Debug|Any CPU.ActiveCfg = Debug|Any CPU
		{35926DF2-EEA3-3F6D-EADD-07A7CC8B8DCA}.Debug|Any CPU.Build.0 = Debug|Any CPU
		{35926DF2-EEA3-3F6D-EADD-07A7CC8B8DCA}.Release|Any CPU.ActiveCfg = Release|Any CPU
		{35926DF2-EEA3-3F6D-EADD-07A7CC8B8DCA}.Release|Any CPU.Build.0 = Release|Any CPU
		{15731925-98F1-4E02-1C19-1ADBAE93D207}.Debug|Any CPU.ActiveCfg = Debug|Any CPU
		{15731925-98F1-4E02-1C19-1ADBAE93D207}.Debug|Any CPU.Build.0 = Debug|Any CPU
		{15731925-98F1-4E02-1C19-1ADBAE93D207}.Release|Any CPU.ActiveCfg = Release|Any CPU
		{15731925-98F1-4E02-1C19-1ADBAE93D207}.Release|Any CPU.Build.0 = Release|Any CPU
	EndGlobalSection
	GlobalSection(SolutionProperties) = preSolution
		HideSolutionNode = FALSE
	EndGlobalSection
EndGlobal
